// !$*UTF8*$!
{
	archiveVersion = 1;
	classes = {
	};
	objectVersion = 46;
	objects = {

/* Begin PBXBuildFile section */
		1A1849691DEB97170038FDDB /* AppDelegate.swift in Sources */ = {isa = PBXBuildFile; fileRef = 1A1849681DEB97170038FDDB /* AppDelegate.swift */; };
		1A18496B1DEB97170038FDDB /* ViewController.swift in Sources */ = {isa = PBXBuildFile; fileRef = 1A18496A1DEB97170038FDDB /* ViewController.swift */; };
		1A18496E1DEB97170038FDDB /* Main.storyboard in Resources */ = {isa = PBXBuildFile; fileRef = 1A18496C1DEB97170038FDDB /* Main.storyboard */; };
		1A1849701DEB97170038FDDB /* Assets.xcassets in Resources */ = {isa = PBXBuildFile; fileRef = 1A18496F1DEB97170038FDDB /* Assets.xcassets */; };
		1A1849731DEB97170038FDDB /* LaunchScreen.storyboard in Resources */ = {isa = PBXBuildFile; fileRef = 1A1849711DEB97170038FDDB /* LaunchScreen.storyboard */; };
		1A18497E1DEB97170038FDDB /* tipsterTests.swift in Sources */ = {isa = PBXBuildFile; fileRef = 1A18497D1DEB97170038FDDB /* tipsterTests.swift */; };
		1A1849891DEB97170038FDDB /* tipsterUITests.swift in Sources */ = {isa = PBXBuildFile; fileRef = 1A1849881DEB97170038FDDB /* tipsterUITests.swift */; };
		1A1BA7D21DEBD3CC0049985E /* SettingsViewController.swift in Sources */ = {isa = PBXBuildFile; fileRef = 1A1BA7D11DEBD3CC0049985E /* SettingsViewController.swift */; };
		1A1BA7D81DECED7A0049985E /* gear_icon.png in Resources */ = {isa = PBXBuildFile; fileRef = 1A1BA7D71DECED7A0049985E /* gear_icon.png */; };
		1A91DEA61DEE4D5F00C88A81 /* 120_app_icon2.png in Resources */ = {isa = PBXBuildFile; fileRef = 1A91DEA51DEE4D5F00C88A81 /* 120_app_icon2.png */; };
		1A91DEA81DEE4E4600C88A81 /* 120_app_icon.png in Resources */ = {isa = PBXBuildFile; fileRef = 1A91DEA71DEE4E4600C88A81 /* 120_app_icon.png */; };
/* End PBXBuildFile section */

/* Begin PBXContainerItemProxy section */
		1A18497A1DEB97170038FDDB /* PBXContainerItemProxy */ = {
			isa = PBXContainerItemProxy;
			containerPortal = 1A18495D1DEB97170038FDDB /* Project object */;
			proxyType = 1;
			remoteGlobalIDString = 1A1849641DEB97170038FDDB;
			remoteInfo = tipster;
		};
		1A1849851DEB97170038FDDB /* PBXContainerItemProxy */ = {
			isa = PBXContainerItemProxy;
			containerPortal = 1A18495D1DEB97170038FDDB /* Project object */;
			proxyType = 1;
			remoteGlobalIDString = 1A1849641DEB97170038FDDB;
			remoteInfo = tipster;
		};
/* End PBXContainerItemProxy section */

/* Begin PBXFileReference section */
		1A1849651DEB97170038FDDB /* tipster.app */ = {isa = PBXFileReference; explicitFileType = wrapper.application; includeInIndex = 0; path = tipster.app; sourceTree = BUILT_PRODUCTS_DIR; };
		1A1849681DEB97170038FDDB /* AppDelegate.swift */ = {isa = PBXFileReference; lastKnownFileType = sourcecode.swift; path = AppDelegate.swift; sourceTree = "<group>"; };
		1A18496A1DEB97170038FDDB /* ViewController.swift */ = {isa = PBXFileReference; lastKnownFileType = sourcecode.swift; path = ViewController.swift; sourceTree = "<group>"; };
		1A18496D1DEB97170038FDDB /* Base */ = {isa = PBXFileReference; lastKnownFileType = file.storyboard; name = Base; path = Base.lproj/Main.storyboard; sourceTree = "<group>"; };
		1A18496F1DEB97170038FDDB /* Assets.xcassets */ = {isa = PBXFileReference; lastKnownFileType = folder.assetcatalog; path = Assets.xcassets; sourceTree = "<group>"; };
		1A1849721DEB97170038FDDB /* Base */ = {isa = PBXFileReference; lastKnownFileType = file.storyboard; name = Base; path = Base.lproj/LaunchScreen.storyboard; sourceTree = "<group>"; };
		1A1849741DEB97170038FDDB /* Info.plist */ = {isa = PBXFileReference; lastKnownFileType = text.plist.xml; path = Info.plist; sourceTree = "<group>"; };
		1A1849791DEB97170038FDDB /* tipsterTests.xctest */ = {isa = PBXFileReference; explicitFileType = wrapper.cfbundle; includeInIndex = 0; path = tipsterTests.xctest; sourceTree = BUILT_PRODUCTS_DIR; };
		1A18497D1DEB97170038FDDB /* tipsterTests.swift */ = {isa = PBXFileReference; lastKnownFileType = sourcecode.swift; path = tipsterTests.swift; sourceTree = "<group>"; };
		1A18497F1DEB97170038FDDB /* Info.plist */ = {isa = PBXFileReference; lastKnownFileType = text.plist.xml; path = Info.plist; sourceTree = "<group>"; };
		1A1849841DEB97170038FDDB /* tipsterUITests.xctest */ = {isa = PBXFileReference; explicitFileType = wrapper.cfbundle; includeInIndex = 0; path = tipsterUITests.xctest; sourceTree = BUILT_PRODUCTS_DIR; };
		1A1849881DEB97170038FDDB /* tipsterUITests.swift */ = {isa = PBXFileReference; lastKnownFileType = sourcecode.swift; path = tipsterUITests.swift; sourceTree = "<group>"; };
		1A18498A1DEB97170038FDDB /* Info.plist */ = {isa = PBXFileReference; lastKnownFileType = text.plist.xml; path = Info.plist; sourceTree = "<group>"; };
		1A1BA7D11DEBD3CC0049985E /* SettingsViewController.swift */ = {isa = PBXFileReference; fileEncoding = 4; lastKnownFileType = sourcecode.swift; path = SettingsViewController.swift; sourceTree = "<group>"; };
		1A1BA7D71DECED7A0049985E /* gear_icon.png */ = {isa = PBXFileReference; lastKnownFileType = image.png; name = gear_icon.png; path = ../../../../../Downloads/gear_icon.png; sourceTree = "<group>"; };
		1A91DEA51DEE4D5F00C88A81 /* 120_app_icon2.png */ = {isa = PBXFileReference; lastKnownFileType = image.png; name = 120_app_icon2.png; path = ../../../../../Downloads/120_app_icon2.png; sourceTree = "<group>"; };
		1A91DEA71DEE4E4600C88A81 /* 120_app_icon.png */ = {isa = PBXFileReference; lastKnownFileType = image.png; name = 120_app_icon.png; path = ../../../../../Downloads/120_app_icon.png; sourceTree = "<group>"; };
/* End PBXFileReference section */

/* Begin PBXFrameworksBuildPhase section */
		1A1849621DEB97170038FDDB /* Frameworks */ = {
			isa = PBXFrameworksBuildPhase;
			buildActionMask = 2147483647;
			files = (
			);
			runOnlyForDeploymentPostprocessing = 0;
		};
		1A1849761DEB97170038FDDB /* Frameworks */ = {
			isa = PBXFrameworksBuildPhase;
			buildActionMask = 2147483647;
			files = (
			);
			runOnlyForDeploymentPostprocessing = 0;
		};
		1A1849811DEB97170038FDDB /* Frameworks */ = {
			isa = PBXFrameworksBuildPhase;
			buildActionMask = 2147483647;
			files = (
			);
			runOnlyForDeploymentPostprocessing = 0;
		};
/* End PBXFrameworksBuildPhase section */

/* Begin PBXGroup section */
		1A18495C1DEB97170038FDDB = {
			isa = PBXGroup;
			children = (
				1A91DEA41DEE4D4800C88A81 /* Assets */,
				1A1849671DEB97170038FDDB /* tipster */,
				1A18497C1DEB97170038FDDB /* tipsterTests */,
				1A1849871DEB97170038FDDB /* tipsterUITests */,
				1A1849661DEB97170038FDDB /* Products */,
			);
			sourceTree = "<group>";
		};
		1A1849661DEB97170038FDDB /* Products */ = {
			isa = PBXGroup;
			children = (
				1A1849651DEB97170038FDDB /* tipster.app */,
				1A1849791DEB97170038FDDB /* tipsterTests.xctest */,
				1A1849841DEB97170038FDDB /* tipsterUITests.xctest */,
			);
			name = Products;
			sourceTree = "<group>";
		};
		1A1849671DEB97170038FDDB /* tipster */ = {
			isa = PBXGroup;
			children = (
				1A1849681DEB97170038FDDB /* AppDelegate.swift */,
				1A18496A1DEB97170038FDDB /* ViewController.swift */,
				1A1BA7D11DEBD3CC0049985E /* SettingsViewController.swift */,
				1A18496C1DEB97170038FDDB /* Main.storyboard */,
				1A18496F1DEB97170038FDDB /* Assets.xcassets */,
				1A1849711DEB97170038FDDB /* LaunchScreen.storyboard */,
				1A1849741DEB97170038FDDB /* Info.plist */,
			);
			path = tipster;
			sourceTree = "<group>";
		};
		1A18497C1DEB97170038FDDB /* tipsterTests */ = {
			isa = PBXGroup;
			children = (
				1A18497D1DEB97170038FDDB /* tipsterTests.swift */,
				1A18497F1DEB97170038FDDB /* Info.plist */,
			);
			path = tipsterTests;
			sourceTree = "<group>";
		};
		1A1849871DEB97170038FDDB /* tipsterUITests */ = {
			isa = PBXGroup;
			children = (
				1A1849881DEB97170038FDDB /* tipsterUITests.swift */,
				1A18498A1DEB97170038FDDB /* Info.plist */,
			);
			path = tipsterUITests;
			sourceTree = "<group>";
		};
		1A91DEA41DEE4D4800C88A81 /* Assets */ = {
			isa = PBXGroup;
			children = (
				1A1BA7D71DECED7A0049985E /* gear_icon.png */,
				1A91DEA71DEE4E4600C88A81 /* 120_app_icon.png */,
				1A91DEA51DEE4D5F00C88A81 /* 120_app_icon2.png */,
			);
			name = Assets;
			sourceTree = "<group>";
		};
/* End PBXGroup section */

/* Begin PBXNativeTarget section */
		1A1849641DEB97170038FDDB /* tipster */ = {
			isa = PBXNativeTarget;
			buildConfigurationList = 1A18498D1DEB97170038FDDB /* Build configuration list for PBXNativeTarget "tipster" */;
			buildPhases = (
				1A1849611DEB97170038FDDB /* Sources */,
				1A1849621DEB97170038FDDB /* Frameworks */,
				1A1849631DEB97170038FDDB /* Resources */,
			);
			buildRules = (
			);
			dependencies = (
			);
			name = tipster;
			productName = tipster;
			productReference = 1A1849651DEB97170038FDDB /* tipster.app */;
			productType = "com.apple.product-type.application";
		};
		1A1849781DEB97170038FDDB /* tipsterTests */ = {
			isa = PBXNativeTarget;
			buildConfigurationList = 1A1849901DEB97170038FDDB /* Build configuration list for PBXNativeTarget "tipsterTests" */;
			buildPhases = (
				1A1849751DEB97170038FDDB /* Sources */,
				1A1849761DEB97170038FDDB /* Frameworks */,
				1A1849771DEB97170038FDDB /* Resources */,
			);
			buildRules = (
			);
			dependencies = (
				1A18497B1DEB97170038FDDB /* PBXTargetDependency */,
			);
			name = tipsterTests;
			productName = tipsterTests;
			productReference = 1A1849791DEB97170038FDDB /* tipsterTests.xctest */;
			productType = "com.apple.product-type.bundle.unit-test";
		};
		1A1849831DEB97170038FDDB /* tipsterUITests */ = {
			isa = PBXNativeTarget;
			buildConfigurationList = 1A1849931DEB97170038FDDB /* Build configuration list for PBXNativeTarget "tipsterUITests" */;
			buildPhases = (
				1A1849801DEB97170038FDDB /* Sources */,
				1A1849811DEB97170038FDDB /* Frameworks */,
				1A1849821DEB97170038FDDB /* Resources */,
			);
			buildRules = (
			);
			dependencies = (
				1A1849861DEB97170038FDDB /* PBXTargetDependency */,
			);
			name = tipsterUITests;
			productName = tipsterUITests;
			productReference = 1A1849841DEB97170038FDDB /* tipsterUITests.xctest */;
			productType = "com.apple.product-type.bundle.ui-testing";
		};
/* End PBXNativeTarget section */

/* Begin PBXProject section */
		1A18495D1DEB97170038FDDB /* Project object */ = {
			isa = PBXProject;
			attributes = {
				LastSwiftUpdateCheck = 0810;
				LastUpgradeCheck = 0810;
				ORGANIZATIONNAME = "Rodrigo Bell";
				TargetAttributes = {
					1A1849641DEB97170038FDDB = {
						CreatedOnToolsVersion = 8.1;
						ProvisioningStyle = Automatic;
					};
					1A1849781DEB97170038FDDB = {
						CreatedOnToolsVersion = 8.1;
						ProvisioningStyle = Automatic;
						TestTargetID = 1A1849641DEB97170038FDDB;
					};
					1A1849831DEB97170038FDDB = {
						CreatedOnToolsVersion = 8.1;
						ProvisioningStyle = Automatic;
						TestTargetID = 1A1849641DEB97170038FDDB;
					};
				};
			};
			buildConfigurationList = 1A1849601DEB97170038FDDB /* Build configuration list for PBXProject "tipster" */;
			compatibilityVersion = "Xcode 3.2";
			developmentRegion = English;
			hasScannedForEncodings = 0;
			knownRegions = (
				en,
				Base,
			);
			mainGroup = 1A18495C1DEB97170038FDDB;
			productRefGroup = 1A1849661DEB97170038FDDB /* Products */;
			projectDirPath = "";
			projectRoot = "";
			targets = (
				1A1849641DEB97170038FDDB /* tipster */,
				1A1849781DEB97170038FDDB /* tipsterTests */,
				1A1849831DEB97170038FDDB /* tipsterUITests */,
			);
		};
/* End PBXProject section */

/* Begin PBXResourcesBuildPhase section */
		1A1849631DEB97170038FDDB /* Resources */ = {
			isa = PBXResourcesBuildPhase;
			buildActionMask = 2147483647;
			files = (
				1A1849731DEB97170038FDDB /* LaunchScreen.storyboard in Resources */,
				1A1849701DEB97170038FDDB /* Assets.xcassets in Resources */,
				1A91DEA81DEE4E4600C88A81 /* 120_app_icon.png in Resources */,
				1A18496E1DEB97170038FDDB /* Main.storyboard in Resources */,
				1A91DEA61DEE4D5F00C88A81 /* 120_app_icon2.png in Resources */,
				1A1BA7D81DECED7A0049985E /* gear_icon.png in Resources */,
			);
			runOnlyForDeploymentPostprocessing = 0;
		};
		1A1849771DEB97170038FDDB /* Resources */ = {
			isa = PBXResourcesBuildPhase;
			buildActionMask = 2147483647;
			files = (
			);
			runOnlyForDeploymentPostprocessing = 0;
		};
		1A1849821DEB97170038FDDB /* Resources */ = {
			isa = PBXResourcesBuildPhase;
			buildActionMask = 2147483647;
			files = (
			);
			runOnlyForDeploymentPostprocessing = 0;
		};
/* End PBXResourcesBuildPhase section */

/* Begin PBXSourcesBuildPhase section */
		1A1849611DEB97170038FDDB /* Sources */ = {
			isa = PBXSourcesBuildPhase;
			buildActionMask = 2147483647;
			files = (
				1A18496B1DEB97170038FDDB /* ViewController.swift in Sources */,
				1A1849691DEB97170038FDDB /* AppDelegate.swift in Sources */,
				1A1BA7D21DEBD3CC0049985E /* SettingsViewController.swift in Sources */,
			);
			runOnlyForDeploymentPostprocessing = 0;
		};
		1A1849751DEB97170038FDDB /* Sources */ = {
			isa = PBXSourcesBuildPhase;
			buildActionMask = 2147483647;
			files = (
				1A18497E1DEB97170038FDDB /* tipsterTests.swift in Sources */,
			);
			runOnlyForDeploymentPostprocessing = 0;
		};
		1A1849801DEB97170038FDDB /* Sources */ = {
			isa = PBXSourcesBuildPhase;
			buildActionMask = 2147483647;
			files = (
				1A1849891DEB97170038FDDB /* tipsterUITests.swift in Sources */,
			);
			runOnlyForDeploymentPostprocessing = 0;
		};
/* End PBXSourcesBuildPhase section */

/* Begin PBXTargetDependency section */
		1A18497B1DEB97170038FDDB /* PBXTargetDependency */ = {
			isa = PBXTargetDependency;
			target = 1A1849641DEB97170038FDDB /* tipster */;
			targetProxy = 1A18497A1DEB97170038FDDB /* PBXContainerItemProxy */;
		};
		1A1849861DEB97170038FDDB /* PBXTargetDependency */ = {
			isa = PBXTargetDependency;
			target = 1A1849641DEB97170038FDDB /* tipster */;
			targetProxy = 1A1849851DEB97170038FDDB /* PBXContainerItemProxy */;
		};
/* End PBXTargetDependency section */

/* Begin PBXVariantGroup section */
		1A18496C1DEB97170038FDDB /* Main.storyboard */ = {
			isa = PBXVariantGroup;
			children = (
				1A18496D1DEB97170038FDDB /* Base */,
			);
			name = Main.storyboard;
			sourceTree = "<group>";
		};
		1A1849711DEB97170038FDDB /* LaunchScreen.storyboard */ = {
			isa = PBXVariantGroup;
			children = (
				1A1849721DEB97170038FDDB /* Base */,
			);
			name = LaunchScreen.storyboard;
			sourceTree = "<group>";
		};
/* End PBXVariantGroup section */

/* Begin XCBuildConfiguration section */
		1A18498B1DEB97170038FDDB /* Debug */ = {
			isa = XCBuildConfiguration;
			buildSettings = {
				ALWAYS_SEARCH_USER_PATHS = NO;
				CLANG_ANALYZER_NONNULL = YES;
				CLANG_CXX_LANGUAGE_STANDARD = "gnu++0x";
				CLANG_CXX_LIBRARY = "libc++";
				CLANG_ENABLE_MODULES = YES;
				CLANG_ENABLE_OBJC_ARC = YES;
				CLANG_WARN_BOOL_CONVERSION = YES;
				CLANG_WARN_CONSTANT_CONVERSION = YES;
				CLANG_WARN_DIRECT_OBJC_ISA_USAGE = YES_ERROR;
				CLANG_WARN_DOCUMENTATION_COMMENTS = YES;
				CLANG_WARN_EMPTY_BODY = YES;
				CLANG_WARN_ENUM_CONVERSION = YES;
				CLANG_WARN_INFINITE_RECURSION = YES;
				CLANG_WARN_INT_CONVERSION = YES;
				CLANG_WARN_OBJC_ROOT_CLASS = YES_ERROR;
				CLANG_WARN_SUSPICIOUS_MOVES = YES;
				CLANG_WARN_UNREACHABLE_CODE = YES;
				CLANG_WARN__DUPLICATE_METHOD_MATCH = YES;
				"CODE_SIGN_IDENTITY[sdk=iphoneos*]" = "iPhone Developer";
				COPY_PHASE_STRIP = NO;
				DEBUG_INFORMATION_FORMAT = dwarf;
				ENABLE_STRICT_OBJC_MSGSEND = YES;
				ENABLE_TESTABILITY = YES;
				GCC_C_LANGUAGE_STANDARD = gnu99;
				GCC_DYNAMIC_NO_PIC = NO;
				GCC_NO_COMMON_BLOCKS = YES;
				GCC_OPTIMIZATION_LEVEL = 0;
				GCC_PREPROCESSOR_DEFINITIONS = (
					"DEBUG=1",
					"$(inherited)",
				);
				GCC_WARN_64_TO_32_BIT_CONVERSION = YES;
				GCC_WARN_ABOUT_RETURN_TYPE = YES_ERROR;
				GCC_WARN_UNDECLARED_SELECTOR = YES;
				GCC_WARN_UNINITIALIZED_AUTOS = YES_AGGRESSIVE;
				GCC_WARN_UNUSED_FUNCTION = YES;
				GCC_WARN_UNUSED_VARIABLE = YES;
				IPHONEOS_DEPLOYMENT_TARGET = 10.1;
				MTL_ENABLE_DEBUG_INFO = YES;
				ONLY_ACTIVE_ARCH = YES;
				SDKROOT = iphoneos;
				SWIFT_ACTIVE_COMPILATION_CONDITIONS = DEBUG;
				SWIFT_OPTIMIZATION_LEVEL = "-Onone";
			};
			name = Debug;
		};
		1A18498C1DEB97170038FDDB /* Release */ = {
			isa = XCBuildConfiguration;
			buildSettings = {
				ALWAYS_SEARCH_USER_PATHS = NO;
				CLANG_ANALYZER_NONNULL = YES;
				CLANG_CXX_LANGUAGE_STANDARD = "gnu++0x";
				CLANG_CXX_LIBRARY = "libc++";
				CLANG_ENABLE_MODULES = YES;
				CLANG_ENABLE_OBJC_ARC = YES;
				CLANG_WARN_BOOL_CONVERSION = YES;
				CLANG_WARN_CONSTANT_CONVERSION = YES;
				CLANG_WARN_DIRECT_OBJC_ISA_USAGE = YES_ERROR;
				CLANG_WARN_DOCUMENTATION_COMMENTS = YES;
				CLANG_WARN_EMPTY_BODY = YES;
				CLANG_WARN_ENUM_CONVERSION = YES;
				CLANG_WARN_INFINITE_RECURSION = YES;
				CLANG_WARN_INT_CONVERSION = YES;
				CLANG_WARN_OBJC_ROOT_CLASS = YES_ERROR;
				CLANG_WARN_SUSPICIOUS_MOVES = YES;
				CLANG_WARN_UNREACHABLE_CODE = YES;
				CLANG_WARN__DUPLICATE_METHOD_MATCH = YES;
				"CODE_SIGN_IDENTITY[sdk=iphoneos*]" = "iPhone Developer";
				COPY_PHASE_STRIP = NO;
				DEBUG_INFORMATION_FORMAT = "dwarf-with-dsym";
				ENABLE_NS_ASSERTIONS = NO;
				ENABLE_STRICT_OBJC_MSGSEND = YES;
				GCC_C_LANGUAGE_STANDARD = gnu99;
				GCC_NO_COMMON_BLOCKS = YES;
				GCC_WARN_64_TO_32_BIT_CONVERSION = YES;
				GCC_WARN_ABOUT_RETURN_TYPE = YES_ERROR;
				GCC_WARN_UNDECLARED_SELECTOR = YES;
				GCC_WARN_UNINITIALIZED_AUTOS = YES_AGGRESSIVE;
				GCC_WARN_UNUSED_FUNCTION = YES;
				GCC_WARN_UNUSED_VARIABLE = YES;
				IPHONEOS_DEPLOYMENT_TARGET = 10.1;
				MTL_ENABLE_DEBUG_INFO = NO;
				SDKROOT = iphoneos;
				SWIFT_OPTIMIZATION_LEVEL = "-Owholemodule";
				VALIDATE_PRODUCT = YES;
			};
			name = Release;
		};
		1A18498E1DEB97170038FDDB /* Debug */ = {
			isa = XCBuildConfiguration;
			buildSettings = {
				ASSETCATALOG_COMPILER_APPICON_NAME = AppIcon;
				INFOPLIST_FILE = tipster/Info.plist;
				LD_RUNPATH_SEARCH_PATHS = "$(inherited) @executable_path/Frameworks";
				PRODUCT_BUNDLE_IDENTIFIER = com.yourcompany.tipster;
				PRODUCT_NAME = "$(TARGET_NAME)";
				SWIFT_VERSION = 3.0;
			};
			name = Debug;
		};
		1A18498F1DEB97170038FDDB /* Release */ = {
			isa = XCBuildConfiguration;
			buildSettings = {
				ASSETCATALOG_COMPILER_APPICON_NAME = AppIcon;
				INFOPLIST_FILE = tipster/Info.plist;
				LD_RUNPATH_SEARCH_PATHS = "$(inherited) @executable_path/Frameworks";
				PRODUCT_BUNDLE_IDENTIFIER = com.yourcompany.tipster;
				PRODUCT_NAME = "$(TARGET_NAME)";
				SWIFT_VERSION = 3.0;
			};
			name = Release;
		};
		1A1849911DEB97170038FDDB /* Debug */ = {
			isa = XCBuildConfiguration;
			buildSettings = {
				ALWAYS_EMBED_SWIFT_STANDARD_LIBRARIES = YES;
				BUNDLE_LOADER = "$(TEST_HOST)";
				INFOPLIST_FILE = tipsterTests/Info.plist;
				LD_RUNPATH_SEARCH_PATHS = "$(inherited) @executable_path/Frameworks @loader_path/Frameworks";
				PRODUCT_BUNDLE_IDENTIFIER = com.yourcompany.tipsterTests;
				PRODUCT_NAME = "$(TARGET_NAME)";
				SWIFT_VERSION = 3.0;
				TEST_HOST = "$(BUILT_PRODUCTS_DIR)/tipster.app/tipster";
			};
			name = Debug;
		};
		1A1849921DEB97170038FDDB /* Release */ = {
			isa = XCBuildConfiguration;
			buildSettings = {
				ALWAYS_EMBED_SWIFT_STANDARD_LIBRARIES = YES;
				BUNDLE_LOADER = "$(TEST_HOST)";
				INFOPLIST_FILE = tipsterTests/Info.plist;
				LD_RUNPATH_SEARCH_PATHS = "$(inherited) @executable_path/Frameworks @loader_path/Frameworks";
				PRODUCT_BUNDLE_IDENTIFIER = com.yourcompany.tipsterTests;
				PRODUCT_NAME = "$(TARGET_NAME)";
				SWIFT_VERSION = 3.0;
				TEST_HOST = "$(BUILT_PRODUCTS_DIR)/tipster.app/tipster";
			};
			name = Release;
		};
		1A1849941DEB97170038FDDB /* Debug */ = {
			isa = XCBuildConfiguration;
			buildSettings = {
				ALWAYS_EMBED_SWIFT_STANDARD_LIBRARIES = YES;
				INFOPLIST_FILE = tipsterUITests/Info.plist;
				LD_RUNPATH_SEARCH_PATHS = "$(inherited) @executable_path/Frameworks @loader_path/Frameworks";
				PRODUCT_BUNDLE_IDENTIFIER = com.yourcompany.tipsterUITests;
				PRODUCT_NAME = "$(TARGET_NAME)";
				SWIFT_VERSION = 3.0;
				TEST_TARGET_NAME = tipster;
			};
			name = Debug;
		};
		1A1849951DEB97170038FDDB /* Release */ = {
			isa = XCBuildConfiguration;
			buildSettings = {
				ALWAYS_EMBED_SWIFT_STANDARD_LIBRARIES = YES;
				INFOPLIST_FILE = tipsterUITests/Info.plist;
				LD_RUNPATH_SEARCH_PATHS = "$(inherited) @executable_path/Frameworks @loader_path/Frameworks";
				PRODUCT_BUNDLE_IDENTIFIER = com.yourcompany.tipsterUITests;
				PRODUCT_NAME = "$(TARGET_NAME)";
				SWIFT_VERSION = 3.0;
				TEST_TARGET_NAME = tipster;
			};
			name = Release;
		};
/* End XCBuildConfiguration section */

/* Begin XCConfigurationList section */
		1A1849601DEB97170038FDDB /* Build configuration list for PBXProject "tipster" */ = {
			isa = XCConfigurationList;
			buildConfigurations = (
				1A18498B1DEB97170038FDDB /* Debug */,
				1A18498C1DEB97170038FDDB /* Release */,
			);
			defaultConfigurationIsVisible = 0;
			defaultConfigurationName = Release;
		};
		1A18498D1DEB97170038FDDB /* Build configuration list for PBXNativeTarget "tipster" */ = {
			isa = XCConfigurationList;
			buildConfigurations = (
				1A18498E1DEB97170038FDDB /* Debug */,
				1A18498F1DEB97170038FDDB /* Release */,
			);
			defaultConfigurationIsVisible = 0;
			defaultConfigurationName = Release;
		};
		1A1849901DEB97170038FDDB /* Build configuration list for PBXNativeTarget "tipsterTests" */ = {
			isa = XCConfigurationList;
			buildConfigurations = (
				1A1849911DEB97170038FDDB /* Debug */,
				1A1849921DEB97170038FDDB /* Release */,
			);
			defaultConfigurationIsVisible = 0;
			defaultConfigurationName = Release;
		};
		1A1849931DEB97170038FDDB /* Build configuration list for PBXNativeTarget "tipsterUITests" */ = {
			isa = XCConfigurationList;
			buildConfigurations = (
				1A1849941DEB97170038FDDB /* Debug */,
				1A1849951DEB97170038FDDB /* Release */,
			);
			defaultConfigurationIsVisible = 0;
			defaultConfigurationName = Release;
		};
/* End XCConfigurationList section */
	};
	rootObject = 1A18495D1DEB97170038FDDB /* Project object */;
}
